Microsoft Visual Studio Solution File, Format Version 12.00
# Visual Studio Version 17
VisualStudioVersion = 17.14.36301.6 d17.14
MinimumVisualStudioVersion = 10.0.40219.1
Project("{FAE04EC0-301F-11D3-BF4B-00C04F79EFBC}") = "SACS.Api", "src\SACS.Api\SACS.Api.csproj", "{117B1292-6FF5-D82C-5EE4-186EE2A62C7C}"
EndProject
Project("{FAE04EC0-301F-11D3-BF4B-00C04F79EFBC}") = "SACS.Domain", "src\SACS.Domain\SACS.Domain.csproj", "{211316D4-FD30-889A-CA4E-943526BF6BEB}"
EndProject
Project("{FAE04EC0-301F-11D3-BF4B-00C04F79EFBC}") = "SACS.Infrastructure", "src\SACS.Infrastructure\SACS.Infrastructure.csproj", "{8C7923FA-C82D-9151-4B36-9DFFE4D5B73E}"
EndProject
Global
	GlobalSection(SolutionConfigurationPlatforms) = preSolution
		Debug|Any CPU = Debug|Any CPU
		Release|Any CPU = Release|Any CPU
	EndGlobalSection
	GlobalSection(ProjectConfigurationPlatforms) = postSolution
		{117B1292-6FF5-D82C-5EE4-186EE2A62C7C}.Debug|Any CPU.ActiveCfg = Debug|Any CPU
		{117B1292-6FF5-D82C-5EE4-186EE2A62C7C}.Debug|Any CPU.Build.0 = Debug|Any CPU
		{117B1292-6FF5-D82C-5EE4-186EE2A62C7C}.Release|Any CPU.ActiveCfg = Release|Any CPU
		{117B1292-6FF5-D82C-5EE4-186EE2A62C7C}.Release|Any CPU.Build.0 = Release|Any CPU
		{211316D4-FD30-889A-CA4E-943526BF6BEB}.Debug|Any CPU.ActiveCfg = Debug|Any CPU
		{211316D4-FD30-889A-CA4E-943526BF6BEB}.Debug|Any CPU.Build.0 = Debug|Any CPU
		{211316D4-FD30-889A-CA4E-943526BF6BEB}.Release|Any CPU.ActiveCfg = Release|Any CPU
		{211316D4-FD30-889A-CA4E-943526BF6BEB}.Release|Any CPU.Build.0 = Release|Any CPU
		{8C7923FA-C82D-9151-4B36-9DFFE4D5B73E}.Debug|Any CPU.ActiveCfg = Debug|Any CPU
		{8C7923FA-C82D-9151-4B36-9DFFE4D5B73E}.Debug|Any CPU.Build.0 = Debug|Any CPU
		{8C7923FA-C82D-9151-4B36-9DFFE4D5B73E}.Release|Any CPU.ActiveCfg = Release|Any CPU
		{8C7923FA-C82D-9151-4B36-9DFFE4D5B73E}.Release|Any CPU.Build.0 = Release|Any CPU
	EndGlobalSection
	GlobalSection(SolutionProperties) = preSolution
		HideSolutionNode = FALSE
	EndGlobalSection
	GlobalSection(ExtensibilityGlobals) = postSolution
		SolutionGuid = {2C0C0B6F-2777-4B9B-A572-69D39B64705A}
	EndGlobalSection
EndGlobal
